
Microsoft Visual Studio Solution File, Format Version 12.00
# Visual Studio Version 18
VisualStudioVersion = 18.6.11819.183 stable
MinimumVisualStudioVersion = 10.0.40219.1
Project("{FAE04EC0-301F-11D3-BF4B-00C04F79EFBC}") = "DartsPractice", "DartsPractice\DartsPractice.csproj", "{58E625F7-D90B-CBF7-8BE2-5C71D984FB15}"
EndProject
Project("{FAE04EC0-301F-11D3-BF4B-00C04F79EFBC}") = "DartsPractice.Core", "DartsPractice.Core\DartsPractice.Core.csproj", "{25B66C0B-EDA3-4678-A0DF-A511208DC4FF}"
EndProject
Project("{FAE04EC0-301F-11D3-BF4B-00C04F79EFBC}") = "DartsPractice.Games.Standard", "Darts.Games.Standard\DartsPractice.Games.Standard.csproj", "{A5A19A8E-C66B-4B2B-8DB0-999A11099ABA}"
EndProject
Global
	GlobalSection(SolutionConfigurationPlatforms) = preSolution
		Debug|Any CPU = Debug|Any CPU
		Release|Any CPU = Release|Any CPU
	EndGlobalSection
	GlobalSection(ProjectConfigurationPlatforms) = postSolution
		{58E625F7-D90B-CBF7-8BE2-5C71D984FB15}.Debug|Any CPU.ActiveCfg = Debug|Any CPU
		{58E625F7-D90B-CBF7-8BE2-5C71D984FB15}.Debug|Any CPU.Build.0 = Debug|Any CPU
		{58E625F7-D90B-CBF7-8BE2-5C71D984FB15}.Release|Any CPU.ActiveCfg = Release|Any CPU
		{58E625F7-D90B-CBF7-8BE2-5C71D984FB15}.Release|Any CPU.Build.0 = Release|Any CPU
		{25B66C0B-EDA3-4678-A0DF-A511208DC4FF}.Debug|Any CPU.ActiveCfg = Debug|Any CPU
		{25B66C0B-EDA3-4678-A0DF-A511208DC4FF}.Debug|Any CPU.Build.0 = Debug|Any CPU
		{25B66C0B-EDA3-4678-A0DF-A511208DC4FF}.Release|Any CPU.ActiveCfg = Release|Any CPU
		{25B66C0B-EDA3-4678-A0DF-A511208DC4FF}.Release|Any CPU.Build.0 = Release|Any CPU
		{A5A19A8E-C66B-4B2B-8DB0-999A11099ABA}.Debug|Any CPU.ActiveCfg = Debug|Any CPU
		{A5A19A8E-C66B-4B2B-8DB0-999A11099ABA}.Debug|Any CPU.Build.0 = Debug|Any CPU
		{A5A19A8E-C66B-4B2B-8DB0-999A11099ABA}.Release|Any CPU.ActiveCfg = Release|Any CPU
		{A5A19A8E-C66B-4B2B-8DB0-999A11099ABA}.Release|Any CPU.Build.0 = Release|Any CPU
	EndGlobalSection
	GlobalSection(SolutionProperties) = preSolution
		HideSolutionNode = FALSE
	EndGlobalSection
	GlobalSection(ExtensibilityGlobals) = postSolution
		SolutionGuid = {376DF53B-4E13-4532-8B13-A5530D2BCD4E}
	EndGlobalSection
EndGlobal
